
Microsoft Visual Studio Solution File, Format Version 12.00
# Visual Studio Version 17
VisualStudioVersion = 17.7.34009.444
MinimumVisualStudioVersion = 10.0.40219.1
Project("{FAE04EC0-301F-11D3-BF4B-00C04F79EFBC}") = "Bloc de notas", "Bloc de notas\Bloc de notas.csproj", "{7647973C-1B76-448A-9A5E-86FFCF5C8E2F}"
EndProject
Global
	GlobalSection(SolutionConfigurationPlatforms) = preSolution
		Debug|Any CPU = Debug|Any CPU
		Release|Any CPU = Release|Any CPU
	EndGlobalSection
	GlobalSection(ProjectConfigurationPlatforms) = postSolution
		{7647973C-1B76-448A-9A5E-86FFCF5C8E2F}.Debug|Any CPU.ActiveCfg = Debug|Any CPU
		{7647973C-1B76-448A-9A5E-86FFCF5C8E2F}.Debug|Any CPU.Build.0 = Debug|Any CPU
		{7647973C-1B76-448A-9A5E-86FFCF5C8E2F}.Release|Any CPU.ActiveCfg = Release|Any CPU
		{7647973C-1B76-448A-9A5E-86FFCF5C8E2F}.Release|Any CPU.Build.0 = Release|Any CPU
	EndGlobalSection
	GlobalSection(SolutionProperties) = preSolution
		HideSolutionNode = FALSE
	EndGlobalSection
	GlobalSection(ExtensibilityGlobals) = postSolution
		SolutionGuid = {EF1B4551-4985-4F9E-8FAB-CCAF14438D89}
	EndGlobalSection
EndGlobal
